
Microsoft Visual Studio Solution File, Format Version 12.00
# Visual Studio Version 16
VisualStudioVersion = 16.0.810.18
MinimumVisualStudioVersion = 10.0.40219.1
Project("{FAE04EC0-301F-11D3-BF4B-00C04F79EFBC}") = "LogandoNoDiscordNet5", "LogandoNoDiscordNet5\LogandoNoDiscordNet5.csproj", "{293CE5C4-0C75-49FC-9830-119E91C2D586}"
EndProject
Global
	GlobalSection(SolutionConfigurationPlatforms) = preSolution
		Debug|Any CPU = Debug|Any CPU
		Release|Any CPU = Release|Any CPU
	EndGlobalSection
	GlobalSection(ProjectConfigurationPlatforms) = postSolution
		{293CE5C4-0C75-49FC-9830-119E91C2D586}.Debug|Any CPU.ActiveCfg = Debug|Any CPU
		{293CE5C4-0C75-49FC-9830-119E91C2D586}.Debug|Any CPU.Build.0 = Debug|Any CPU
		{293CE5C4-0C75-49FC-9830-119E91C2D586}.Release|Any CPU.ActiveCfg = Release|Any CPU
		{293CE5C4-0C75-49FC-9830-119E91C2D586}.Release|Any CPU.Build.0 = Release|Any CPU
	EndGlobalSection
	GlobalSection(SolutionProperties) = preSolution
		HideSolutionNode = FALSE
	EndGlobalSection
	GlobalSection(ExtensibilityGlobals) = postSolution
		SolutionGuid = {765BCF17-D7A9-4BEA-AA04-565BF7F9D5DD}
	EndGlobalSection
EndGlobal
